
Microsoft Visual Studio Solution File, Format Version 12.00
# Visual Studio Version 17
VisualStudioVersion = 17.3.32929.385
MinimumVisualStudioVersion = 10.0.40219.1
Project("{9A19103F-16F7-4668-BE54-9A1E7A4F7556}") = "ConsoleApp1", "ConsoleApp1\ConsoleApp1.csproj", "{0AE16A29-3E7F-43A6-A98F-B48CA18189C3}"
EndProject
Project("{FAE04EC0-301F-11D3-BF4B-00C04F79EFBC}") = "ConsoleApp2", "ConsoleApp2\ConsoleApp2.csproj", "{48648578-5FDB-4D65-B7C5-583334BB8C85}"
EndProject
Global
	GlobalSection(SolutionConfigurationPlatforms) = preSolution
		Debug|Any CPU = Debug|Any CPU
		Release|Any CPU = Release|Any CPU
	EndGlobalSection
	GlobalSection(ProjectConfigurationPlatforms) = postSolution
		{0AE16A29-3E7F-43A6-A98F-B48CA18189C3}.Debug|Any CPU.ActiveCfg = Debug|Any CPU
		{0AE16A29-3E7F-43A6-A98F-B48CA18189C3}.Debug|Any CPU.Build.0 = Debug|Any CPU
		{0AE16A29-3E7F-43A6-A98F-B48CA18189C3}.Release|Any CPU.ActiveCfg = Release|Any CPU
		{0AE16A29-3E7F-43A6-A98F-B48CA18189C3}.Release|Any CPU.Build.0 = Release|Any CPU
		{48648578-5FDB-4D65-B7C5-583334BB8C85}.Debug|Any CPU.ActiveCfg = Debug|Any CPU
		{48648578-5FDB-4D65-B7C5-583334BB8C85}.Debug|Any CPU.Build.0 = Debug|Any CPU
		{48648578-5FDB-4D65-B7C5-583334BB8C85}.Release|Any CPU.ActiveCfg = Release|Any CPU
		{48648578-5FDB-4D65-B7C5-583334BB8C85}.Release|Any CPU.Build.0 = Release|Any CPU
	EndGlobalSection
	GlobalSection(SolutionProperties) = preSolution
		HideSolutionNode = FALSE
	EndGlobalSection
	GlobalSection(ExtensibilityGlobals) = postSolution
		SolutionGuid = {80DAF52E-2204-47F5-B083-790A7CE31FD8}
	EndGlobalSection
EndGlobal
